// !$*UTF8*$!
{
	archiveVersion = 1;
	classes = {
	};
	objectVersion = 50;
	objects = {

/* Begin PBXBuildFile section */
		77344E2D23B1911400D47482 /* HomeViewController.swift in Sources */ = {isa = PBXBuildFile; fileRef = 77344E2C23B1911400D47482 /* HomeViewController.swift */; };
		77344E2F23B1919B00D47482 /* DetailVC.swift in Sources */ = {isa = PBXBuildFile; fileRef = 77344E2E23B1919B00D47482 /* DetailVC.swift */; };
		77344E3423B1923700D47482 /* ReuseCell.swift in Sources */ = {isa = PBXBuildFile; fileRef = 77344E3323B1923700D47482 /* ReuseCell.swift */; };
		775E308A23AB476200624B79 /* AppDelegate.swift in Sources */ = {isa = PBXBuildFile; fileRef = 775E308923AB476200624B79 /* AppDelegate.swift */; };
		775E308C23AB476200624B79 /* SceneDelegate.swift in Sources */ = {isa = PBXBuildFile; fileRef = 775E308B23AB476200624B79 /* SceneDelegate.swift */; };
		775E309123AB476200624B79 /* Main.storyboard in Resources */ = {isa = PBXBuildFile; fileRef = 775E308F23AB476200624B79 /* Main.storyboard */; };
		775E309323AB476300624B79 /* Assets.xcassets in Resources */ = {isa = PBXBuildFile; fileRef = 775E309223AB476300624B79 /* Assets.xcassets */; };
		775E309623AB476300624B79 /* LaunchScreen.storyboard in Resources */ = {isa = PBXBuildFile; fileRef = 775E309423AB476300624B79 /* LaunchScreen.storyboard */; };
/* End PBXBuildFile section */

/* Begin PBXFileReference section */
		77344E2C23B1911400D47482 /* HomeViewController.swift */ = {isa = PBXFileReference; lastKnownFileType = sourcecode.swift; path = HomeViewController.swift; sourceTree = "<group>"; };
		77344E2E23B1919B00D47482 /* DetailVC.swift */ = {isa = PBXFileReference; lastKnownFileType = sourcecode.swift; path = DetailVC.swift; sourceTree = "<group>"; };
		77344E3323B1923700D47482 /* ReuseCell.swift */ = {isa = PBXFileReference; lastKnownFileType = sourcecode.swift; path = ReuseCell.swift; sourceTree = "<group>"; };
		775E308623AB476200624B79 /* Flask.app */ = {isa = PBXFileReference; explicitFileType = wrapper.application; includeInIndex = 0; path = Flask.app; sourceTree = BUILT_PRODUCTS_DIR; };
		775E308923AB476200624B79 /* AppDelegate.swift */ = {isa = PBXFileReference; lastKnownFileType = sourcecode.swift; path = AppDelegate.swift; sourceTree = "<group>"; };
		775E308B23AB476200624B79 /* SceneDelegate.swift */ = {isa = PBXFileReference; lastKnownFileType = sourcecode.swift; path = SceneDelegate.swift; sourceTree = "<group>"; };
		775E309023AB476200624B79 /* Base */ = {isa = PBXFileReference; lastKnownFileType = file.storyboard; name = Base; path = Base.lproj/Main.storyboard; sourceTree = "<group>"; };
		775E309223AB476300624B79 /* Assets.xcassets */ = {isa = PBXFileReference; lastKnownFileType = folder.assetcatalog; path = Assets.xcassets; sourceTree = "<group>"; };
		775E309523AB476300624B79 /* Base */ = {isa = PBXFileReference; lastKnownFileType = file.storyboard; name = Base; path = Base.lproj/LaunchScreen.storyboard; sourceTree = "<group>"; };
		775E309723AB476300624B79 /* Info.plist */ = {isa = PBXFileReference; lastKnownFileType = text.plist.xml; path = Info.plist; sourceTree = "<group>"; };
/* End PBXFileReference section */

/* Begin PBXFrameworksBuildPhase section */
		775E308323AB476200624B79 /* Frameworks */ = {
			isa = PBXFrameworksBuildPhase;
			buildActionMask = 2147483647;
			files = (
			);
			runOnlyForDeploymentPostprocessing = 0;
		};
/* End PBXFrameworksBuildPhase section */

/* Begin PBXGroup section */
		77344E2B23B190BC00D47482 /* Helper */ = {
			isa = PBXGroup;
			children = (
				775E308923AB476200624B79 /* AppDelegate.swift */,
				775E308B23AB476200624B79 /* SceneDelegate.swift */,
				775E309223AB476300624B79 /* Assets.xcassets */,
				775E309423AB476300624B79 /* LaunchScreen.storyboard */,
			);
			path = Helper;
			sourceTree = "<group>";
		};
		77344E3023B1920200D47482 /* CustomeCell */ = {
			isa = PBXGroup;
			children = (
				77344E3323B1923700D47482 /* ReuseCell.swift */,
			);
			path = CustomeCell;
			sourceTree = "<group>";
		};
		77344E3123B1921000D47482 /* View */ = {
			isa = PBXGroup;
			children = (
				775E308F23AB476200624B79 /* Main.storyboard */,
				77344E3023B1920200D47482 /* CustomeCell */,
			);
			path = View;
			sourceTree = "<group>";
		};
		77344E3223B1921700D47482 /* Controller */ = {
			isa = PBXGroup;
			children = (
				77344E2C23B1911400D47482 /* HomeViewController.swift */,
				77344E2E23B1919B00D47482 /* DetailVC.swift */,
			);
			path = Controller;
			sourceTree = "<group>";
		};
		775E307D23AB476200624B79 = {
			isa = PBXGroup;
			children = (
				775E308823AB476200624B79 /* Flask */,
				775E308723AB476200624B79 /* Products */,
			);
			sourceTree = "<group>";
		};
		775E308723AB476200624B79 /* Products */ = {
			isa = PBXGroup;
			children = (
				775E308623AB476200624B79 /* Flask.app */,
			);
			name = Products;
			sourceTree = "<group>";
		};
		775E308823AB476200624B79 /* Flask */ = {
			isa = PBXGroup;
			children = (
				775E309723AB476300624B79 /* Info.plist */,
				77344E2B23B190BC00D47482 /* Helper */,
				77344E3123B1921000D47482 /* View */,
				77344E3223B1921700D47482 /* Controller */,
			);
			path = Flask;
			sourceTree = "<group>";
		};
/* End PBXGroup section */

/* Begin PBXNativeTarget section */
		775E308523AB476200624B79 /* Flask */ = {
			isa = PBXNativeTarget;
			buildConfigurationList = 775E309A23AB476300624B79 /* Build configuration list for PBXNativeTarget "Flask" */;
			buildPhases = (
				775E308223AB476200624B79 /* Sources */,
				775E308323AB476200624B79 /* Frameworks */,
				775E308423AB476200624B79 /* Resources */,
			);
			buildRules = (
			);
			dependencies = (
			);
			name = Flask;
			productName = Flask;
			productReference = 775E308623AB476200624B79 /* Flask.app */;
			productType = "com.apple.product-type.application";
		};
/* End PBXNativeTarget section */

/* Begin PBXProject section */
		775E307E23AB476200624B79 /* Project object */ = {
			isa = PBXProject;
			attributes = {
				LastSwiftUpdateCheck = 1130;
				LastUpgradeCheck = 1130;
				ORGANIZATIONNAME = "Mo Drame";
				TargetAttributes = {
					775E308523AB476200624B79 = {
						CreatedOnToolsVersion = 11.3;
					};
				};
			};
			buildConfigurationList = 775E308123AB476200624B79 /* Build configuration list for PBXProject "Flask" */;
			compatibilityVersion = "Xcode 9.3";
			developmentRegion = en;
			hasScannedForEncodings = 0;
			knownRegions = (
				en,
				Base,
			);
			mainGroup = 775E307D23AB476200624B79;
			productRefGroup = 775E308723AB476200624B79 /* Products */;
			projectDirPath = "";
			projectRoot = "";
			targets = (
				775E308523AB476200624B79 /* Flask */,
			);
		};
/* End PBXProject section */

/* Begin PBXResourcesBuildPhase section */
		775E308423AB476200624B79 /* Resources */ = {
			isa = PBXResourcesBuildPhase;
			buildActionMask = 2147483647;
			files = (
				775E309623AB476300624B79 /* LaunchScreen.storyboard in Resources */,
				775E309323AB476300624B79 /* Assets.xcassets in Resources */,
				775E309123AB476200624B79 /* Main.storyboard in Resources */,
			);
			runOnlyForDeploymentPostprocessing = 0;
		};
/* End PBXResourcesBuildPhase section */

/* Begin PBXSourcesBuildPhase section */
		775E308223AB476200624B79 /* Sources */ = {
			isa = PBXSourcesBuildPhase;
			buildActionMask = 2147483647;
			files = (
				775E308A23AB476200624B79 /* AppDelegate.swift in Sources */,
				77344E2F23B1919B00D47482 /* DetailVC.swift in Sources */,
				775E308C23AB476200624B79 /* SceneDelegate.swift in Sources */,
				77344E3423B1923700D47482 /* ReuseCell.swift in Sources */,
				77344E2D23B1911400D47482 /* HomeViewController.swift in Sources */,
			);
			runOnlyForDeploymentPostprocessing = 0;
		};
/* End PBXSourcesBuildPhase section */

/* Begin PBXVariantGroup section */
		775E308F23AB476200624B79 /* Main.storyboard */ = {
			isa = PBXVariantGroup;
			children = (
				775E309023AB476200624B79 /* Base */,
			);
			name = Main.storyboard;
			sourceTree = "<group>";
		};
		775E309423AB476300624B79 /* LaunchScreen.storyboard */ = {
			isa = PBXVariantGroup;
			children = (
				775E309523AB476300624B79 /* Base */,
			);
			name = LaunchScreen.storyboard;
			sourceTree = "<group>";
		};
/* End PBXVariantGroup section */

/* Begin XCBuildConfiguration section */
		775E309823AB476300624B79 /* Debug */ = {
			isa = XCBuildConfiguration;
			buildSettings = {
				ALWAYS_SEARCH_USER_PATHS = NO;
				CLANG_ANALYZER_NONNULL = YES;
				CLANG_ANALYZER_NUMBER_OBJECT_CONVERSION = YES_AGGRESSIVE;
				CLANG_CXX_LANGUAGE_STANDARD = "gnu++14";
				CLANG_CXX_LIBRARY = "libc++";
				CLANG_ENABLE_MODULES = YES;
				CLANG_ENABLE_OBJC_ARC = YES;
				CLANG_ENABLE_OBJC_WEAK = YES;
				CLANG_WARN_BLOCK_CAPTURE_AUTORELEASING = YES;
				CLANG_WARN_BOOL_CONVERSION = YES;
				CLANG_WARN_COMMA = YES;
				CLANG_WARN_CONSTANT_CONVERSION = YES;
				CLANG_WARN_DEPRECATED_OBJC_IMPLEMENTATIONS = YES;
				CLANG_WARN_DIRECT_OBJC_ISA_USAGE = YES_ERROR;
				CLANG_WARN_DOCUMENTATION_COMMENTS = YES;
				CLANG_WARN_EMPTY_BODY = YES;
				CLANG_WARN_ENUM_CONVERSION = YES;
				CLANG_WARN_INFINITE_RECURSION = YES;
				CLANG_WARN_INT_CONVERSION = YES;
				CLANG_WARN_NON_LITERAL_NULL_CONVERSION = YES;
				CLANG_WARN_OBJC_IMPLICIT_RETAIN_SELF = YES;
				CLANG_WARN_OBJC_LITERAL_CONVERSION = YES;
				CLANG_WARN_OBJC_ROOT_CLASS = YES_ERROR;
				CLANG_WARN_RANGE_LOOP_ANALYSIS = YES;
				CLANG_WARN_STRICT_PROTOTYPES = YES;
				CLANG_WARN_SUSPICIOUS_MOVE = YES;
				CLANG_WARN_UNGUARDED_AVAILABILITY = YES_AGGRESSIVE;
				CLANG_WARN_UNREACHABLE_CODE = YES;
				CLANG_WARN__DUPLICATE_METHOD_MATCH = YES;
				COPY_PHASE_STRIP = NO;
				DEBUG_INFORMATION_FORMAT = dwarf;
				ENABLE_STRICT_OBJC_MSGSEND = YES;
				ENABLE_TESTABILITY = YES;
				GCC_C_LANGUAGE_STANDARD = gnu11;
				GCC_DYNAMIC_NO_PIC = NO;
				GCC_NO_COMMON_BLOCKS = YES;
				GCC_OPTIMIZATION_LEVEL = 0;
				GCC_PREPROCESSOR_DEFINITIONS = (
					"DEBUG=1",
					"$(inherited)",
				);
				GCC_WARN_64_TO_32_BIT_CONVERSION = YES;
				GCC_WARN_ABOUT_RETURN_TYPE = YES_ERROR;
				GCC_WARN_UNDECLARED_SELECTOR = YES;
				GCC_WARN_UNINITIALIZED_AUTOS = YES_AGGRESSIVE;
				GCC_WARN_UNUSED_FUNCTION = YES;
				GCC_WARN_UNUSED_VARIABLE = YES;
				IPHONEOS_DEPLOYMENT_TARGET = 13.2;
				MTL_ENABLE_DEBUG_INFO = INCLUDE_SOURCE;
				MTL_FAST_MATH = YES;
				ONLY_ACTIVE_ARCH = YES;
				SDKROOT = iphoneos;
				SWIFT_ACTIVE_COMPILATION_CONDITIONS = DEBUG;
				SWIFT_OPTIMIZATION_LEVEL = "-Onone";
			};
			name = Debug;
		};
		775E309923AB476300624B79 /* Release */ = {
			isa = XCBuildConfiguration;
			buildSettings = {
				ALWAYS_SEARCH_USER_PATHS = NO;
				CLANG_ANALYZER_NONNULL = YES;
				CLANG_ANALYZER_NUMBER_OBJECT_CONVERSION = YES_AGGRESSIVE;
				CLANG_CXX_LANGUAGE_STANDARD = "gnu++14";
				CLANG_CXX_LIBRARY = "libc++";
				CLANG_ENABLE_MODULES = YES;
				CLANG_ENABLE_OBJC_ARC = YES;
				CLANG_ENABLE_OBJC_WEAK = YES;
				CLANG_WARN_BLOCK_CAPTURE_AUTORELEASING = YES;
				CLANG_WARN_BOOL_CONVERSION = YES;
				CLANG_WARN_COMMA = YES;
				CLANG_WARN_CONSTANT_CONVERSION = YES;
				CLANG_WARN_DEPRECATED_OBJC_IMPLEMENTATIONS = YES;
				CLANG_WARN_DIRECT_OBJC_ISA_USAGE = YES_ERROR;
				CLANG_WARN_DOCUMENTATION_COMMENTS = YES;
				CLANG_WARN_EMPTY_BODY = YES;
				CLANG_WARN_ENUM_CONVERSION = YES;
				CLANG_WARN_INFINITE_RECURSION = YES;
				CLANG_WARN_INT_CONVERSION = YES;
				CLANG_WARN_NON_LITERAL_NULL_CONVERSION = YES;
				CLANG_WARN_OBJC_IMPLICIT_RETAIN_SELF = YES;
				CLANG_WARN_OBJC_LITERAL_CONVERSION = YES;
				CLANG_WARN_OBJC_ROOT_CLASS = YES_ERROR;
				CLANG_WARN_RANGE_LOOP_ANALYSIS = YES;
				CLANG_WARN_STRICT_PROTOTYPES = YES;
				CLANG_WARN_SUSPICIOUS_MOVE = YES;
				CLANG_WARN_UNGUARDED_AVAILABILITY = YES_AGGRESSIVE;
				CLANG_WARN_UNREACHABLE_CODE = YES;
				CLANG_WARN__DUPLICATE_METHOD_MATCH = YES;
				COPY_PHASE_STRIP = NO;
				DEBUG_INFORMATION_FORMAT = "dwarf-with-dsym";
				ENABLE_NS_ASSERTIONS = NO;
				ENABLE_STRICT_OBJC_MSGSEND = YES;
				GCC_C_LANGUAGE_STANDARD = gnu11;
				GCC_NO_COMMON_BLOCKS = YES;
				GCC_WARN_64_TO_32_BIT_CONVERSION = YES;
				GCC_WARN_ABOUT_RETURN_TYPE = YES_ERROR;
				GCC_WARN_UNDECLARED_SELECTOR = YES;
				GCC_WARN_UNINITIALIZED_AUTOS = YES_AGGRESSIVE;
				GCC_WARN_UNUSED_FUNCTION = YES;
				GCC_WARN_UNUSED_VARIABLE = YES;
				IPHONEOS_DEPLOYMENT_TARGET = 13.2;
				MTL_ENABLE_DEBUG_INFO = NO;
				MTL_FAST_MATH = YES;
				SDKROOT = iphoneos;
				SWIFT_COMPILATION_MODE = wholemodule;
				SWIFT_OPTIMIZATION_LEVEL = "-O";
				VALIDATE_PRODUCT = YES;
			};
			name = Release;
		};
		775E309B23AB476300624B79 /* Debug */ = {
			isa = XCBuildConfiguration;
			buildSettings = {
				ASSETCATALOG_COMPILER_APPICON_NAME = AppIcon;
				CODE_SIGN_STYLE = Automatic;
				DEVELOPMENT_TEAM = 6AY5G84ET7;
				INFOPLIST_FILE = Flask/Info.plist;
				LD_RUNPATH_SEARCH_PATHS = (
					"$(inherited)",
					"@executable_path/Frameworks",
				);
				PRODUCT_BUNDLE_IDENTIFIER = com.modrame.herokuapp.Flask;
				PRODUCT_NAME = "$(TARGET_NAME)";
				SWIFT_VERSION = 5.0;
				TARGETED_DEVICE_FAMILY = 1;
			};
			name = Debug;
		};
		775E309C23AB476300624B79 /* Release */ = {
			isa = XCBuildConfiguration;
			buildSettings = {
				ASSETCATALOG_COMPILER_APPICON_NAME = AppIcon;
				CODE_SIGN_STYLE = Automatic;
				DEVELOPMENT_TEAM = 6AY5G84ET7;
				INFOPLIST_FILE = Flask/Info.plist;
				LD_RUNPATH_SEARCH_PATHS = (
					"$(inherited)",
					"@executable_path/Frameworks",
				);
				PRODUCT_BUNDLE_IDENTIFIER = com.modrame.herokuapp.Flask;
				PRODUCT_NAME = "$(TARGET_NAME)";
				SWIFT_VERSION = 5.0;
				TARGETED_DEVICE_FAMILY = 1;
			};
			name = Release;
		};
/* End XCBuildConfiguration section */

/* Begin XCConfigurationList section */
		775E308123AB476200624B79 /* Build configuration list for PBXProject "Flask" */ = {
			isa = XCConfigurationList;
			buildConfigurations = (
				775E309823AB476300624B79 /* Debug */,
				775E309923AB476300624B79 /* Release */,
			);
			defaultConfigurationIsVisible = 0;
			defaultConfigurationName = Release;
		};
		775E309A23AB476300624B79 /* Build configuration list for PBXNativeTarget "Flask" */ = {
			isa = XCConfigurationList;
			buildConfigurations = (
				775E309B23AB476300624B79 /* Debug */,
				775E309C23AB476300624B79 /* Release */,
			);
			defaultConfigurationIsVisible = 0;
			defaultConfigurationName = Release;
		};
/* End XCConfigurationList section */
	};
	rootObject = 775E307E23AB476200624B79 /* Project object */;
}
